
Microsoft Visual Studio Solution File, Format Version 12.00
# Visual Studio Version 16
VisualStudioVersion = 16.0.30204.135
MinimumVisualStudioVersion = 10.0.40219.1
Project("{FAE04EC0-301F-11D3-BF4B-00C04F79EFBC}") = "BoxLabel", "BoxLabel\BoxLabel.csproj", "{B5126355-07DE-4F42-95D3-436611D0B993}"
EndProject
Project("{FAE04EC0-301F-11D3-BF4B-00C04F79EFBC}") = "Apogee-Pkg", "Apogee-Pkg\Apogee-Pkg.csproj", "{F5BA2CB8-4979-445B-9CEE-7F24E5DC68CC}"
EndProject
Project("{FAE04EC0-301F-11D3-BF4B-00C04F79EFBC}") = "Apogee-SN-Rad", "ApogeeSN-Rad\Apogee-SN-Rad.csproj", "{6087599C-F3A6-4AB6-ABE2-E622E55E5211}"
EndProject
Project("{FAE04EC0-301F-11D3-BF4B-00C04F79EFBC}") = "Shipping", "Shipping\Shipping.csproj", "{59D39D1F-EFC0-4A41-858F-7A49BBE12469}"
EndProject
Project("{FAE04EC0-301F-11D3-BF4B-00C04F79EFBC}") = "ChooseProject", "ChooseProject\ChooseProject.csproj", "{0E1D0715-80CA-47F0-91C5-B6D10E592335}"
	ProjectSection(ProjectDependencies) = postProject
		{59D39D1F-EFC0-4A41-858F-7A49BBE12469} = {59D39D1F-EFC0-4A41-858F-7A49BBE12469}
		{B5126355-07DE-4F42-95D3-436611D0B993} = {B5126355-07DE-4F42-95D3-436611D0B993}
		{6087599C-F3A6-4AB6-ABE2-E622E55E5211} = {6087599C-F3A6-4AB6-ABE2-E622E55E5211}
	EndProjectSection
EndProject
Project("{FAE04EC0-301F-11D3-BF4B-00C04F79EFBC}") = "Portal_Apogee", "Portal_Apogee\Portal_Apogee.csproj", "{264E06D9-8597-4AE3-A5C7-072DB90B2FBB}"
EndProject
Project("{FAE04EC0-301F-11D3-BF4B-00C04F79EFBC}") = "Testing_Units", "Testing_Units\Testing_Units.csproj", "{F4B339CB-7170-4B76-8E87-2F6789C1A734}"
EndProject
Project("{FAE04EC0-301F-11D3-BF4B-00C04F79EFBC}") = "MergeSerial", "MergeSerial\MergeSerial.csproj", "{18BE4009-7F28-4DB7-881B-2EB459FE7BE0}"
EndProject
Global
	GlobalSection(SolutionConfigurationPlatforms) = preSolution
		Debug|Any CPU = Debug|Any CPU
		Debug|x64 = Debug|x64
		Debug|x86 = Debug|x86
		Release|Any CPU = Release|Any CPU
		Release|x64 = Release|x64
		Release|x86 = Release|x86
	EndGlobalSection
	GlobalSection(ProjectConfigurationPlatforms) = postSolution
		{B5126355-07DE-4F42-95D3-436611D0B993}.Debug|Any CPU.ActiveCfg = Debug|Any CPU
		{B5126355-07DE-4F42-95D3-436611D0B993}.Debug|Any CPU.Build.0 = Debug|Any CPU
		{B5126355-07DE-4F42-95D3-436611D0B993}.Debug|x64.ActiveCfg = Debug|Any CPU
		{B5126355-07DE-4F42-95D3-436611D0B993}.Debug|x64.Build.0 = Debug|Any CPU
		{B5126355-07DE-4F42-95D3-436611D0B993}.Debug|x86.ActiveCfg = Debug|Any CPU
		{B5126355-07DE-4F42-95D3-436611D0B993}.Debug|x86.Build.0 = Debug|Any CPU
		{B5126355-07DE-4F42-95D3-436611D0B993}.Release|Any CPU.ActiveCfg = Release|Any CPU
		{B5126355-07DE-4F42-95D3-436611D0B993}.Release|Any CPU.Build.0 = Release|Any CPU
		{B5126355-07DE-4F42-95D3-436611D0B993}.Release|x64.ActiveCfg = Release|Any CPU
		{B5126355-07DE-4F42-95D3-436611D0B993}.Release|x64.Build.0 = Release|Any CPU
		{B5126355-07DE-4F42-95D3-436611D0B993}.Release|x86.ActiveCfg = Release|Any CPU
		{B5126355-07DE-4F42-95D3-436611D0B993}.Release|x86.Build.0 = Release|Any CPU
		{F5BA2CB8-4979-445B-9CEE-7F24E5DC68CC}.Debug|Any CPU.ActiveCfg = Debug|Any CPU
		{F5BA2CB8-4979-445B-9CEE-7F24E5DC68CC}.Debug|Any CPU.Build.0 = Debug|Any CPU
		{F5BA2CB8-4979-445B-9CEE-7F24E5DC68CC}.Debug|x64.ActiveCfg = Debug|Any CPU
		{F5BA2CB8-4979-445B-9CEE-7F24E5DC68CC}.Debug|x64.Build.0 = Debug|Any CPU
		{F5BA2CB8-4979-445B-9CEE-7F24E5DC68CC}.Debug|x86.ActiveCfg = Debug|Any CPU
		{F5BA2CB8-4979-445B-9CEE-7F24E5DC68CC}.Debug|x86.Build.0 = Debug|Any CPU
		{F5BA2CB8-4979-445B-9CEE-7F24E5DC68CC}.Release|Any CPU.ActiveCfg = Release|Any CPU
		{F5BA2CB8-4979-445B-9CEE-7F24E5DC68CC}.Release|Any CPU.Build.0 = Release|Any CPU
		{F5BA2CB8-4979-445B-9CEE-7F24E5DC68CC}.Release|x64.ActiveCfg = Release|Any CPU
		{F5BA2CB8-4979-445B-9CEE-7F24E5DC68CC}.Release|x64.Build.0 = Release|Any CPU
		{F5BA2CB8-4979-445B-9CEE-7F24E5DC68CC}.Release|x86.ActiveCfg = Release|Any CPU
		{F5BA2CB8-4979-445B-9CEE-7F24E5DC68CC}.Release|x86.Build.0 = Release|Any CPU
		{6087599C-F3A6-4AB6-ABE2-E622E55E5211}.Debug|Any CPU.ActiveCfg = Debug|Any CPU
		{6087599C-F3A6-4AB6-ABE2-E622E55E5211}.Debug|Any CPU.Build.0 = Debug|Any CPU
		{6087599C-F3A6-4AB6-ABE2-E622E55E5211}.Debug|x64.ActiveCfg = Debug|x64
		{6087599C-F3A6-4AB6-ABE2-E622E55E5211}.Debug|x64.Build.0 = Debug|x64
		{6087599C-F3A6-4AB6-ABE2-E622E55E5211}.Debug|x86.ActiveCfg = Debug|x86
		{6087599C-F3A6-4AB6-ABE2-E622E55E5211}.Debug|x86.Build.0 = Debug|x86
		{6087599C-F3A6-4AB6-ABE2-E622E55E5211}.Release|Any CPU.ActiveCfg = Release|Any CPU
		{6087599C-F3A6-4AB6-ABE2-E622E55E5211}.Release|Any CPU.Build.0 = Release|Any CPU
		{6087599C-F3A6-4AB6-ABE2-E622E55E5211}.Release|x64.ActiveCfg = Release|x64
		{6087599C-F3A6-4AB6-ABE2-E622E55E5211}.Release|x64.Build.0 = Release|x64
		{6087599C-F3A6-4AB6-ABE2-E622E55E5211}.Release|x86.ActiveCfg = Release|x86
		{6087599C-F3A6-4AB6-ABE2-E622E55E5211}.Release|x86.Build.0 = Release|x86
		{59D39D1F-EFC0-4A41-858F-7A49BBE12469}.Debug|Any CPU.ActiveCfg = Debug|Any CPU
		{59D39D1F-EFC0-4A41-858F-7A49BBE12469}.Debug|Any CPU.Build.0 = Debug|Any CPU
		{59D39D1F-EFC0-4A41-858F-7A49BBE12469}.Debug|x64.ActiveCfg = Debug|Any CPU
		{59D39D1F-EFC0-4A41-858F-7A49BBE12469}.Debug|x64.Build.0 = Debug|Any CPU
		{59D39D1F-EFC0-4A41-858F-7A49BBE12469}.Debug|x86.ActiveCfg = Debug|Any CPU
		{59D39D1F-EFC0-4A41-858F-7A49BBE12469}.Debug|x86.Build.0 = Debug|Any CPU
		{59D39D1F-EFC0-4A41-858F-7A49BBE12469}.Release|Any CPU.ActiveCfg = Release|Any CPU
		{59D39D1F-EFC0-4A41-858F-7A49BBE12469}.Release|Any CPU.Build.0 = Release|Any CPU
		{59D39D1F-EFC0-4A41-858F-7A49BBE12469}.Release|x64.ActiveCfg = Release|Any CPU
		{59D39D1F-EFC0-4A41-858F-7A49BBE12469}.Release|x64.Build.0 = Release|Any CPU
		{59D39D1F-EFC0-4A41-858F-7A49BBE12469}.Release|x86.ActiveCfg = Release|Any CPU
		{59D39D1F-EFC0-4A41-858F-7A49BBE12469}.Release|x86.Build.0 = Release|Any CPU
		{0E1D0715-80CA-47F0-91C5-B6D10E592335}.Debug|Any CPU.ActiveCfg = Debug|Any CPU
		{0E1D0715-80CA-47F0-91C5-B6D10E592335}.Debug|Any CPU.Build.0 = Debug|Any CPU
		{0E1D0715-80CA-47F0-91C5-B6D10E592335}.Debug|x64.ActiveCfg = Debug|Any CPU
		{0E1D0715-80CA-47F0-91C5-B6D10E592335}.Debug|x64.Build.0 = Debug|Any CPU
		{0E1D0715-80CA-47F0-91C5-B6D10E592335}.Debug|x86.ActiveCfg = Debug|Any CPU
		{0E1D0715-80CA-47F0-91C5-B6D10E592335}.Debug|x86.Build.0 = Debug|Any CPU
		{0E1D0715-80CA-47F0-91C5-B6D10E592335}.Release|Any CPU.ActiveCfg = Release|Any CPU
		{0E1D0715-80CA-47F0-91C5-B6D10E592335}.Release|Any CPU.Build.0 = Release|Any CPU
		{0E1D0715-80CA-47F0-91C5-B6D10E592335}.Release|x64.ActiveCfg = Release|Any CPU
		{0E1D0715-80CA-47F0-91C5-B6D10E592335}.Release|x64.Build.0 = Release|Any CPU
		{0E1D0715-80CA-47F0-91C5-B6D10E592335}.Release|x86.ActiveCfg = Release|Any CPU
		{0E1D0715-80CA-47F0-91C5-B6D10E592335}.Release|x86.Build.0 = Release|Any CPU
		{264E06D9-8597-4AE3-A5C7-072DB90B2FBB}.Debug|Any CPU.ActiveCfg = Debug|Any CPU
		{264E06D9-8597-4AE3-A5C7-072DB90B2FBB}.Debug|Any CPU.Build.0 = Debug|Any CPU
		{264E06D9-8597-4AE3-A5C7-072DB90B2FBB}.Debug|x64.ActiveCfg = Debug|Any CPU
		{264E06D9-8597-4AE3-A5C7-072DB90B2FBB}.Debug|x64.Build.0 = Debug|Any CPU
		{264E06D9-8597-4AE3-A5C7-072DB90B2FBB}.Debug|x86.ActiveCfg = Debug|Any CPU
		{264E06D9-8597-4AE3-A5C7-072DB90B2FBB}.Debug|x86.Build.0 = Debug|Any CPU
		{264E06D9-8597-4AE3-A5C7-072DB90B2FBB}.Release|Any CPU.ActiveCfg = Release|Any CPU
		{264E06D9-8597-4AE3-A5C7-072DB90B2FBB}.Release|Any CPU.Build.0 = Release|Any CPU
		{264E06D9-8597-4AE3-A5C7-072DB90B2FBB}.Release|x64.ActiveCfg = Release|Any CPU
		{264E06D9-8597-4AE3-A5C7-072DB90B2FBB}.Release|x64.Build.0 = Release|Any CPU
		{264E06D9-8597-4AE3-A5C7-072DB90B2FBB}.Release|x86.ActiveCfg = Release|Any CPU
		{264E06D9-8597-4AE3-A5C7-072DB90B2FBB}.Release|x86.Build.0 = Release|Any CPU
		{F4B339CB-7170-4B76-8E87-2F6789C1A734}.Debug|Any CPU.ActiveCfg = Debug|Any CPU
		{F4B339CB-7170-4B76-8E87-2F6789C1A734}.Debug|Any CPU.Build.0 = Debug|Any CPU
		{F4B339CB-7170-4B76-8E87-2F6789C1A734}.Debug|x64.ActiveCfg = Debug|Any CPU
		{F4B339CB-7170-4B76-8E87-2F6789C1A734}.Debug|x64.Build.0 = Debug|Any CPU
		{F4B339CB-7170-4B76-8E87-2F6789C1A734}.Debug|x86.ActiveCfg = Debug|Any CPU
		{F4B339CB-7170-4B76-8E87-2F6789C1A734}.Debug|x86.Build.0 = Debug|Any CPU
		{F4B339CB-7170-4B76-8E87-2F6789C1A734}.Release|Any CPU.ActiveCfg = Release|Any CPU
		{F4B339CB-7170-4B76-8E87-2F6789C1A734}.Release|Any CPU.Build.0 = Release|Any CPU
		{F4B339CB-7170-4B76-8E87-2F6789C1A734}.Release|x64.ActiveCfg = Release|Any CPU
		{F4B339CB-7170-4B76-8E87-2F6789C1A734}.Release|x64.Build.0 = Release|Any CPU
		{F4B339CB-7170-4B76-8E87-2F6789C1A734}.Release|x86.ActiveCfg = Release|Any CPU
		{F4B339CB-7170-4B76-8E87-2F6789C1A734}.Release|x86.Build.0 = Release|Any CPU
		{18BE4009-7F28-4DB7-881B-2EB459FE7BE0}.Debug|Any CPU.ActiveCfg = Debug|Any CPU
		{18BE4009-7F28-4DB7-881B-2EB459FE7BE0}.Debug|Any CPU.Build.0 = Debug|Any CPU
		{18BE4009-7F28-4DB7-881B-2EB459FE7BE0}.Debug|x64.ActiveCfg = Debug|Any CPU
		{18BE4009-7F28-4DB7-881B-2EB459FE7BE0}.Debug|x64.Build.0 = Debug|Any CPU
		{18BE4009-7F28-4DB7-881B-2EB459FE7BE0}.Debug|x86.ActiveCfg = Debug|Any CPU
		{18BE4009-7F28-4DB7-881B-2EB459FE7BE0}.Debug|x86.Build.0 = Debug|Any CPU
		{18BE4009-7F28-4DB7-881B-2EB459FE7BE0}.Release|Any CPU.ActiveCfg = Release|Any CPU
		{18BE4009-7F28-4DB7-881B-2EB459FE7BE0}.Release|Any CPU.Build.0 = Release|Any CPU
		{18BE4009-7F28-4DB7-881B-2EB459FE7BE0}.Release|x64.ActiveCfg = Release|Any CPU
		{18BE4009-7F28-4DB7-881B-2EB459FE7BE0}.Release|x64.Build.0 = Release|Any CPU
		{18BE4009-7F28-4DB7-881B-2EB459FE7BE0}.Release|x86.ActiveCfg = Release|Any CPU
		{18BE4009-7F28-4DB7-881B-2EB459FE7BE0}.Release|x86.Build.0 = Release|Any CPU
	EndGlobalSection
	GlobalSection(SolutionProperties) = preSolution
		HideSolutionNode = FALSE
	EndGlobalSection
	GlobalSection(ExtensibilityGlobals) = postSolution
		SolutionGuid = {48152A16-DD1B-41F9-8ACE-5889E8BD52E8}
	EndGlobalSection
EndGlobal
